schema: '2.0'
stages:
  stage_01:
    cmd: python stage_01.py
    deps:
    - path: stage_01.py
      md5: 7134d5049830531d56ea6f52b097fd0b
      size: 134
    outs:
    - path: artifacts01.txt
      md5: d23b1f76e884031881b4510255d4a39d
      size: 13
  stage_02:
    cmd: python stage_02.py
    deps:
    - path: artifacts01.txt
      md5: d23b1f76e884031881b4510255d4a39d
      size: 13
    - path: stage_02.py
      md5: f34269686f3aa73aafdfc213f26583ab
      size: 100
  stage_03:
    cmd: python stage_03.py
    deps:
    - path: artifacts01.txt
      md5: d23b1f76e884031881b4510255d4a39d
      size: 13
    - path: stage_03.py
      md5: 76f98e0df4bec501f5fd9f71e3254c38
      size: 201
    outs:
    - path: artifacts02.txt
      md5: dd93fea28898552f75d587e2aaf54619
      size: 23
